# This file is automatically @generated by Cargo.
# It is not intended for manual editing.
version = 4

[[package]]
name = "bytemuck"
version = "1.23.2"
source = "registry+https://github.com/rust-lang/crates.io-index"
checksum = "3995eaeebcdf32f91f980d360f78732ddc061097ab4e39991ae7a6ace9194677"

[[package]]
name = "in-place-init"
version = "0.1.0"
dependencies = [
 "bytemuck",
 "noop-allocator",
]

[[package]]
name = "noop-allocator"
version = "0.1.2"
source = "registry+https://github.com/rust-lang/crates.io-index"
checksum = "f485a662c54bd7cee899c731f9f0d6f0d6f7d9b8b13b9b3c77be3e87ae787cc3"
